// !$*UTF8*$!
{
	archiveVersion = 1;
	classes = {
	};
	objectVersion = 50;
	objects = {

/* Begin PBXBuildFile section */
		11A91587256AACAF0027E2CE /* AppDelegate.swift in Sources */ = {isa = PBXBuildFile; fileRef = 11A91586256AACAF0027E2CE /* AppDelegate.swift */; };
		11A91589256AACAF0027E2CE /* SceneDelegate.swift in Sources */ = {isa = PBXBuildFile; fileRef = 11A91588256AACAF0027E2CE /* SceneDelegate.swift */; };
		11A9158B256AACAF0027E2CE /* ViewController.swift in Sources */ = {isa = PBXBuildFile; fileRef = 11A9158A256AACAF0027E2CE /* ViewController.swift */; };
		11A9158E256AACAF0027E2CE /* Main.storyboard in Resources */ = {isa = PBXBuildFile; fileRef = 11A9158C256AACAF0027E2CE /* Main.storyboard */; };
		11A91590256AACAF0027E2CE /* Assets.xcassets in Resources */ = {isa = PBXBuildFile; fileRef = 11A9158F256AACAF0027E2CE /* Assets.xcassets */; };
		11A91593256AACAF0027E2CE /* LaunchScreen.storyboard in Resources */ = {isa = PBXBuildFile; fileRef = 11A91591256AACAF0027E2CE /* LaunchScreen.storyboard */; };
		11A915A1256AAE470027E2CE /* PGHandler.swift in Sources */ = {isa = PBXBuildFile; fileRef = 11A915A0256AAE470027E2CE /* PGHandler.swift */; };
/* End PBXBuildFile section */

/* Begin PBXFileReference section */
		11A91583256AACAF0027E2CE /* PGHandlerExample.app */ = {isa = PBXFileReference; explicitFileType = wrapper.application; includeInIndex = 0; path = PGHandlerExample.app; sourceTree = BUILT_PRODUCTS_DIR; };
		11A91586256AACAF0027E2CE /* AppDelegate.swift */ = {isa = PBXFileReference; lastKnownFileType = sourcecode.swift; path = AppDelegate.swift; sourceTree = "<group>"; };
		11A91588256AACAF0027E2CE /* SceneDelegate.swift */ = {isa = PBXFileReference; lastKnownFileType = sourcecode.swift; path = SceneDelegate.swift; sourceTree = "<group>"; };
		11A9158A256AACAF0027E2CE /* ViewController.swift */ = {isa = PBXFileReference; lastKnownFileType = sourcecode.swift; path = ViewController.swift; sourceTree = "<group>"; };
		11A9158D256AACAF0027E2CE /* Base */ = {isa = PBXFileReference; lastKnownFileType = file.storyboard; name = Base; path = Base.lproj/Main.storyboard; sourceTree = "<group>"; };
		11A9158F256AACAF0027E2CE /* Assets.xcassets */ = {isa = PBXFileReference; lastKnownFileType = folder.assetcatalog; path = Assets.xcassets; sourceTree = "<group>"; };
		11A91592256AACAF0027E2CE /* Base */ = {isa = PBXFileReference; lastKnownFileType = file.storyboard; name = Base; path = Base.lproj/LaunchScreen.storyboard; sourceTree = "<group>"; };
		11A91594256AACAF0027E2CE /* Info.plist */ = {isa = PBXFileReference; lastKnownFileType = text.plist.xml; path = Info.plist; sourceTree = "<group>"; };
		11A915A0256AAE470027E2CE /* PGHandler.swift */ = {isa = PBXFileReference; fileEncoding = 4; lastKnownFileType = sourcecode.swift; name = PGHandler.swift; path = ../../PGHandler.swift; sourceTree = "<group>"; };
/* End PBXFileReference section */

/* Begin PBXFrameworksBuildPhase section */
		11A91580256AACAF0027E2CE /* Frameworks */ = {
			isa = PBXFrameworksBuildPhase;
			buildActionMask = 2147483647;
			files = (
			);
			runOnlyForDeploymentPostprocessing = 0;
		};
/* End PBXFrameworksBuildPhase section */

/* Begin PBXGroup section */
		11A9157A256AACAF0027E2CE = {
			isa = PBXGroup;
			children = (
				11A91585256AACAF0027E2CE /* PGHandlerExample */,
				11A91584256AACAF0027E2CE /* Products */,
			);
			sourceTree = "<group>";
		};
		11A91584256AACAF0027E2CE /* Products */ = {
			isa = PBXGroup;
			children = (
				11A91583256AACAF0027E2CE /* PGHandlerExample.app */,
			);
			name = Products;
			sourceTree = "<group>";
		};
		11A91585256AACAF0027E2CE /* PGHandlerExample */ = {
			isa = PBXGroup;
			children = (
				11A91586256AACAF0027E2CE /* AppDelegate.swift */,
				11A91588256AACAF0027E2CE /* SceneDelegate.swift */,
				11A9158A256AACAF0027E2CE /* ViewController.swift */,
				11A915A0256AAE470027E2CE /* PGHandler.swift */,
				11A9158C256AACAF0027E2CE /* Main.storyboard */,
				11A9158F256AACAF0027E2CE /* Assets.xcassets */,
				11A91591256AACAF0027E2CE /* LaunchScreen.storyboard */,
				11A91594256AACAF0027E2CE /* Info.plist */,
			);
			path = PGHandlerExample;
			sourceTree = "<group>";
		};
/* End PBXGroup section */

/* Begin PBXNativeTarget section */
		11A91582256AACAF0027E2CE /* PGHandlerExample */ = {
			isa = PBXNativeTarget;
			buildConfigurationList = 11A91597256AACAF0027E2CE /* Build configuration list for PBXNativeTarget "PGHandlerExample" */;
			buildPhases = (
				11A9157F256AACAF0027E2CE /* Sources */,
				11A91580256AACAF0027E2CE /* Frameworks */,
				11A91581256AACAF0027E2CE /* Resources */,
			);
			buildRules = (
			);
			dependencies = (
			);
			name = PGHandlerExample;
			productName = PGHandlerExample;
			productReference = 11A91583256AACAF0027E2CE /* PGHandlerExample.app */;
			productType = "com.apple.product-type.application";
		};
/* End PBXNativeTarget section */

/* Begin PBXProject section */
		11A9157B256AACAF0027E2CE /* Project object */ = {
			isa = PBXProject;
			attributes = {
				LastSwiftUpdateCheck = 1220;
				LastUpgradeCheck = 1220;
				TargetAttributes = {
					11A91582256AACAF0027E2CE = {
						CreatedOnToolsVersion = 12.2;
					};
				};
			};
			buildConfigurationList = 11A9157E256AACAF0027E2CE /* Build configuration list for PBXProject "PGHandlerExample" */;
			compatibilityVersion = "Xcode 9.3";
			developmentRegion = en;
			hasScannedForEncodings = 0;
			knownRegions = (
				en,
				Base,
			);
			mainGroup = 11A9157A256AACAF0027E2CE;
			productRefGroup = 11A91584256AACAF0027E2CE /* Products */;
			projectDirPath = "";
			projectRoot = "";
			targets = (
				11A91582256AACAF0027E2CE /* PGHandlerExample */,
			);
		};
/* End PBXProject section */

/* Begin PBXResourcesBuildPhase section */
		11A91581256AACAF0027E2CE /* Resources */ = {
			isa = PBXResourcesBuildPhase;
			buildActionMask = 2147483647;
			files = (
				11A91593256AACAF0027E2CE /* LaunchScreen.storyboard in Resources */,
				11A91590256AACAF0027E2CE /* Assets.xcassets in Resources */,
				11A9158E256AACAF0027E2CE /* Main.storyboard in Resources */,
			);
			runOnlyForDeploymentPostprocessing = 0;
		};
/* End PBXResourcesBuildPhase section */

/* Begin PBXSourcesBuildPhase section */
		11A9157F256AACAF0027E2CE /* Sources */ = {
			isa = PBXSourcesBuildPhase;
			buildActionMask = 2147483647;
			files = (
				11A9158B256AACAF0027E2CE /* ViewController.swift in Sources */,
				11A91587256AACAF0027E2CE /* AppDelegate.swift in Sources */,
				11A91589256AACAF0027E2CE /* SceneDelegate.swift in Sources */,
				11A915A1256AAE470027E2CE /* PGHandler.swift in Sources */,
			);
			runOnlyForDeploymentPostprocessing = 0;
		};
/* End PBXSourcesBuildPhase section */

/* Begin PBXVariantGroup section */
		11A9158C256AACAF0027E2CE /* Main.storyboard */ = {
			isa = PBXVariantGroup;
			children = (
				11A9158D256AACAF0027E2CE /* Base */,
			);
			name = Main.storyboard;
			sourceTree = "<group>";
		};
		11A91591256AACAF0027E2CE /* LaunchScreen.storyboard */ = {
			isa = PBXVariantGroup;
			children = (
				11A91592256AACAF0027E2CE /* Base */,
			);
			name = LaunchScreen.storyboard;
			sourceTree = "<group>";
		};
/* End PBXVariantGroup section */

/* Begin XCBuildConfiguration section */
		11A91595256AACAF0027E2CE /* Debug */ = {
			isa = XCBuildConfiguration;
			buildSettings = {
				ALWAYS_SEARCH_USER_PATHS = NO;
				CLANG_ANALYZER_NONNULL = YES;
				CLANG_ANALYZER_NUMBER_OBJECT_CONVERSION = YES_AGGRESSIVE;
				CLANG_CXX_LANGUAGE_STANDARD = "gnu++14";
				CLANG_CXX_LIBRARY = "libc++";
				CLANG_ENABLE_MODULES = YES;
				CLANG_ENABLE_OBJC_ARC = YES;
				CLANG_ENABLE_OBJC_WEAK = YES;
				CLANG_WARN_BLOCK_CAPTURE_AUTORELEASING = YES;
				CLANG_WARN_BOOL_CONVERSION = YES;
				CLANG_WARN_COMMA = YES;
				CLANG_WARN_CONSTANT_CONVERSION = YES;
				CLANG_WARN_DEPRECATED_OBJC_IMPLEMENTATIONS = YES;
				CLANG_WARN_DIRECT_OBJC_ISA_USAGE = YES_ERROR;
				CLANG_WARN_DOCUMENTATION_COMMENTS = YES;
				CLANG_WARN_EMPTY_BODY = YES;
				CLANG_WARN_ENUM_CONVERSION = YES;
				CLANG_WARN_INFINITE_RECURSION = YES;
				CLANG_WARN_INT_CONVERSION = YES;
				CLANG_WARN_NON_LITERAL_NULL_CONVERSION = YES;
				CLANG_WARN_OBJC_IMPLICIT_RETAIN_SELF = YES;
				CLANG_WARN_OBJC_LITERAL_CONVERSION = YES;
				CLANG_WARN_OBJC_ROOT_CLASS = YES_ERROR;
				CLANG_WARN_QUOTED_INCLUDE_IN_FRAMEWORK_HEADER = YES;
				CLANG_WARN_RANGE_LOOP_ANALYSIS = YES;
				CLANG_WARN_STRICT_PROTOTYPES = YES;
				CLANG_WARN_SUSPICIOUS_MOVE = YES;
				CLANG_WARN_UNGUARDED_AVAILABILITY = YES_AGGRESSIVE;
				CLANG_WARN_UNREACHABLE_CODE = YES;
				CLANG_WARN__DUPLICATE_METHOD_MATCH = YES;
				COPY_PHASE_STRIP = NO;
				DEBUG_INFORMATION_FORMAT = dwarf;
				ENABLE_STRICT_OBJC_MSGSEND = YES;
				ENABLE_TESTABILITY = YES;
				GCC_C_LANGUAGE_STANDARD = gnu11;
				GCC_DYNAMIC_NO_PIC = NO;
				GCC_NO_COMMON_BLOCKS = YES;
				GCC_OPTIMIZATION_LEVEL = 0;
				GCC_PREPROCESSOR_DEFINITIONS = (
					"DEBUG=1",
					"$(inherited)",
				);
				GCC_WARN_64_TO_32_BIT_CONVERSION = YES;
				GCC_WARN_ABOUT_RETURN_TYPE = YES_ERROR;
				GCC_WARN_UNDECLARED_SELECTOR = YES;
				GCC_WARN_UNINITIALIZED_AUTOS = YES_AGGRESSIVE;
				GCC_WARN_UNUSED_FUNCTION = YES;
				GCC_WARN_UNUSED_VARIABLE = YES;
				IPHONEOS_DEPLOYMENT_TARGET = 12.4;
				MTL_ENABLE_DEBUG_INFO = INCLUDE_SOURCE;
				MTL_FAST_MATH = YES;
				ONLY_ACTIVE_ARCH = YES;
				SDKROOT = iphoneos;
				SWIFT_ACTIVE_COMPILATION_CONDITIONS = DEBUG;
				SWIFT_OPTIMIZATION_LEVEL = "-Onone";
			};
			name = Debug;
		};
		11A91596256AACAF0027E2CE /* Release */ = {
			isa = XCBuildConfiguration;
			buildSettings = {
				ALWAYS_SEARCH_USER_PATHS = NO;
				CLANG_ANALYZER_NONNULL = YES;
				CLANG_ANALYZER_NUMBER_OBJECT_CONVERSION = YES_AGGRESSIVE;
				CLANG_CXX_LANGUAGE_STANDARD = "gnu++14";
				CLANG_CXX_LIBRARY = "libc++";
				CLANG_ENABLE_MODULES = YES;
				CLANG_ENABLE_OBJC_ARC = YES;
				CLANG_ENABLE_OBJC_WEAK = YES;
				CLANG_WARN_BLOCK_CAPTURE_AUTORELEASING = YES;
				CLANG_WARN_BOOL_CONVERSION = YES;
				CLANG_WARN_COMMA = YES;
				CLANG_WARN_CONSTANT_CONVERSION = YES;
				CLANG_WARN_DEPRECATED_OBJC_IMPLEMENTATIONS = YES;
				CLANG_WARN_DIRECT_OBJC_ISA_USAGE = YES_ERROR;
				CLANG_WARN_DOCUMENTATION_COMMENTS = YES;
				CLANG_WARN_EMPTY_BODY = YES;
				CLANG_WARN_ENUM_CONVERSION = YES;
				CLANG_WARN_INFINITE_RECURSION = YES;
				CLANG_WARN_INT_CONVERSION = YES;
				CLANG_WARN_NON_LITERAL_NULL_CONVERSION = YES;
				CLANG_WARN_OBJC_IMPLICIT_RETAIN_SELF = YES;
				CLANG_WARN_OBJC_LITERAL_CONVERSION = YES;
				CLANG_WARN_OBJC_ROOT_CLASS = YES_ERROR;
				CLANG_WARN_QUOTED_INCLUDE_IN_FRAMEWORK_HEADER = YES;
				CLANG_WARN_RANGE_LOOP_ANALYSIS = YES;
				CLANG_WARN_STRICT_PROTOTYPES = YES;
				CLANG_WARN_SUSPICIOUS_MOVE = YES;
				CLANG_WARN_UNGUARDED_AVAILABILITY = YES_AGGRESSIVE;
				CLANG_WARN_UNREACHABLE_CODE = YES;
				CLANG_WARN__DUPLICATE_METHOD_MATCH = YES;
				COPY_PHASE_STRIP = NO;
				DEBUG_INFORMATION_FORMAT = "dwarf-with-dsym";
				ENABLE_NS_ASSERTIONS = NO;
				ENABLE_STRICT_OBJC_MSGSEND = YES;
				GCC_C_LANGUAGE_STANDARD = gnu11;
				GCC_NO_COMMON_BLOCKS = YES;
				GCC_WARN_64_TO_32_BIT_CONVERSION = YES;
				GCC_WARN_ABOUT_RETURN_TYPE = YES_ERROR;
				GCC_WARN_UNDECLARED_SELECTOR = YES;
				GCC_WARN_UNINITIALIZED_AUTOS = YES_AGGRESSIVE;
				GCC_WARN_UNUSED_FUNCTION = YES;
				GCC_WARN_UNUSED_VARIABLE = YES;
				IPHONEOS_DEPLOYMENT_TARGET = 12.4;
				MTL_ENABLE_DEBUG_INFO = NO;
				MTL_FAST_MATH = YES;
				SDKROOT = iphoneos;
				SWIFT_COMPILATION_MODE = wholemodule;
				SWIFT_OPTIMIZATION_LEVEL = "-O";
				VALIDATE_PRODUCT = YES;
			};
			name = Release;
		};
		11A91598256AACAF0027E2CE /* Debug */ = {
			isa = XCBuildConfiguration;
			buildSettings = {
				ASSETCATALOG_COMPILER_APPICON_NAME = AppIcon;
				ASSETCATALOG_COMPILER_GLOBAL_ACCENT_COLOR_NAME = AccentColor;
				CODE_SIGN_STYLE = Automatic;
				DEVELOPMENT_TEAM = "";
				INFOPLIST_FILE = PGHandlerExample/Info.plist;
				LD_RUNPATH_SEARCH_PATHS = (
					"$(inherited)",
					"@executable_path/Frameworks",
				);
				PRODUCT_BUNDLE_IDENTIFIER = com.example.PGHandlerExample;
				PRODUCT_NAME = "$(TARGET_NAME)";
				SWIFT_VERSION = 5.0;
				TARGETED_DEVICE_FAMILY = 1;
			};
			name = Debug;
		};
		11A91599256AACAF0027E2CE /* Release */ = {
			isa = XCBuildConfiguration;
			buildSettings = {
				ASSETCATALOG_COMPILER_APPICON_NAME = AppIcon;
				ASSETCATALOG_COMPILER_GLOBAL_ACCENT_COLOR_NAME = AccentColor;
				CODE_SIGN_STYLE = Automatic;
				DEVELOPMENT_TEAM = "";
				INFOPLIST_FILE = PGHandlerExample/Info.plist;
				LD_RUNPATH_SEARCH_PATHS = (
					"$(inherited)",
					"@executable_path/Frameworks",
				);
				PRODUCT_BUNDLE_IDENTIFIER = com.example.PGHandlerExample;
				PRODUCT_NAME = "$(TARGET_NAME)";
				SWIFT_VERSION = 5.0;
				TARGETED_DEVICE_FAMILY = 1;
			};
			name = Release;
		};
/* End XCBuildConfiguration section */

/* Begin XCConfigurationList section */
		11A9157E256AACAF0027E2CE /* Build configuration list for PBXProject "PGHandlerExample" */ = {
			isa = XCConfigurationList;
			buildConfigurations = (
				11A91595256AACAF0027E2CE /* Debug */,
				11A91596256AACAF0027E2CE /* Release */,
			);
			defaultConfigurationIsVisible = 0;
			defaultConfigurationName = Release;
		};
		11A91597256AACAF0027E2CE /* Build configuration list for PBXNativeTarget "PGHandlerExample" */ = {
			isa = XCConfigurationList;
			buildConfigurations = (
				11A91598256AACAF0027E2CE /* Debug */,
				11A91599256AACAF0027E2CE /* Release */,
			);
			defaultConfigurationIsVisible = 0;
			defaultConfigurationName = Release;
		};
/* End XCConfigurationList section */
	};
	rootObject = 11A9157B256AACAF0027E2CE /* Project object */;
}
